
Microsoft Visual Studio Solution File, Format Version 12.00
# Visual Studio Version 17
VisualStudioVersion = 17.4.33403.182
MinimumVisualStudioVersion = 10.0.40219.1
Project("{FAE04EC0-301F-11D3-BF4B-00C04F79EFBC}") = "HR11.2", "HR11.2.csproj", "{F3924BE9-CE7E-4631-88CC-C55AE421ECED}"
EndProject
Global
	GlobalSection(SolutionConfigurationPlatforms) = preSolution
		Debug|Any CPU = Debug|Any CPU
		Release|Any CPU = Release|Any CPU
	EndGlobalSection
	GlobalSection(ProjectConfigurationPlatforms) = postSolution
		{F3924BE9-CE7E-4631-88CC-C55AE421ECED}.Debug|Any CPU.ActiveCfg = Debug|Any CPU
		{F3924BE9-CE7E-4631-88CC-C55AE421ECED}.Debug|Any CPU.Build.0 = Debug|Any CPU
		{F3924BE9-CE7E-4631-88CC-C55AE421ECED}.Release|Any CPU.ActiveCfg = Release|Any CPU
		{F3924BE9-CE7E-4631-88CC-C55AE421ECED}.Release|Any CPU.Build.0 = Release|Any CPU
	EndGlobalSection
	GlobalSection(SolutionProperties) = preSolution
		HideSolutionNode = FALSE
	EndGlobalSection
	GlobalSection(ExtensibilityGlobals) = postSolution
		SolutionGuid = {57EE3CFB-E8E0-49E5-A520-42A765B982C5}
	EndGlobalSection
EndGlobal
